
Microsoft Visual Studio Solution File, Format Version 12.00
# Visual Studio Version 17
VisualStudioVersion = 17.8.34511.84
MinimumVisualStudioVersion = 10.0.40219.1
Project("{FAE04EC0-301F-11D3-BF4B-00C04F79EFBC}") = "DDX", "DDX\DDX.csproj", "{32507589-D303-441D-A987-EB7FB3BB92D3}"
EndProject
Global
	GlobalSection(SolutionConfigurationPlatforms) = preSolution
		Debug|Any CPU = Debug|Any CPU
		Release|Any CPU = Release|Any CPU
	EndGlobalSection
	GlobalSection(ProjectConfigurationPlatforms) = postSolution
		{32507589-D303-441D-A987-EB7FB3BB92D3}.Debug|Any CPU.ActiveCfg = Debug|Any CPU
		{32507589-D303-441D-A987-EB7FB3BB92D3}.Debug|Any CPU.Build.0 = Debug|Any CPU
		{32507589-D303-441D-A987-EB7FB3BB92D3}.Release|Any CPU.ActiveCfg = Release|Any CPU
		{32507589-D303-441D-A987-EB7FB3BB92D3}.Release|Any CPU.Build.0 = Release|Any CPU
	EndGlobalSection
	GlobalSection(SolutionProperties) = preSolution
		HideSolutionNode = FALSE
	EndGlobalSection
	GlobalSection(ExtensibilityGlobals) = postSolution
		SolutionGuid = {CF8D1FD9-339B-470D-A883-E189C9A5E4E2}
	EndGlobalSection
EndGlobal
